# This file is automatically @generated by Cargo.
# It is not intended for manual editing.
version = 4

[[package]]
name = "envr-cli"
version = "0.1.0"

[[package]]
name = "envr-config"
version = "0.1.0"

[[package]]
name = "envr-core"
version = "0.1.0"

[[package]]
name = "envr-domain"
version = "0.1.0"

[[package]]
name = "envr-download"
version = "0.1.0"

[[package]]
name = "envr-error"
version = "0.1.0"

[[package]]
name = "envr-gui"
version = "0.1.0"

[[package]]
name = "envr-mirror"
version = "0.1.0"

[[package]]
name = "envr-platform"
version = "0.1.0"

[[package]]
name = "envr-runtime-bun"
version = "0.1.0"

[[package]]
name = "envr-runtime-deno"
version = "0.1.0"

[[package]]
name = "envr-runtime-go"
version = "0.1.0"

[[package]]
name = "envr-runtime-java"
version = "0.1.0"

[[package]]
name = "envr-runtime-node"
version = "0.1.0"

[[package]]
name = "envr-runtime-php"
version = "0.1.0"

[[package]]
name = "envr-runtime-python"
version = "0.1.0"

[[package]]
name = "envr-runtime-rust"
version = "0.1.0"

[[package]]
name = "envr-shim"
version = "0.1.0"

[[package]]
name = "envr-shim-core"
version = "0.1.0"

[[package]]
name = "envr-test-utils"
version = "0.1.0"

[[package]]
name = "envr-ui"
version = "0.1.0"
